
Microsoft Visual Studio Solution File, Format Version 12.00
# Visual Studio Version 17
VisualStudioVersion = 17.3.32825.248
MinimumVisualStudioVersion = 10.0.40219.1
Project("{9A19103F-16F7-4668-BE54-9A1E7A4F7556}") = "Notes.Web", "Notes.Web\Notes.Web.csproj", "{9DF111B4-78EA-4780-A276-6BA64B1EAFE1}"
EndProject
Global
	GlobalSection(SolutionConfigurationPlatforms) = preSolution
		Debug|Any CPU = Debug|Any CPU
		Release|Any CPU = Release|Any CPU
	EndGlobalSection
	GlobalSection(ProjectConfigurationPlatforms) = postSolution
		{9DF111B4-78EA-4780-A276-6BA64B1EAFE1}.Debug|Any CPU.ActiveCfg = Debug|Any CPU
		{9DF111B4-78EA-4780-A276-6BA64B1EAFE1}.Debug|Any CPU.Build.0 = Debug|Any CPU
		{9DF111B4-78EA-4780-A276-6BA64B1EAFE1}.Release|Any CPU.ActiveCfg = Release|Any CPU
		{9DF111B4-78EA-4780-A276-6BA64B1EAFE1}.Release|Any CPU.Build.0 = Release|Any CPU
	EndGlobalSection
	GlobalSection(SolutionProperties) = preSolution
		HideSolutionNode = FALSE
	EndGlobalSection
	GlobalSection(ExtensibilityGlobals) = postSolution
		SolutionGuid = {D3AD0EE6-3022-40AA-92C3-6CD88BC6445C}
	EndGlobalSection
EndGlobal
